
Microsoft Visual Studio Solution File, Format Version 12.00
# Visual Studio Version 17
VisualStudioVersion = 17.1.32319.34
MinimumVisualStudioVersion = 10.0.40219.1
Project("{FAE04EC0-301F-11D3-BF4B-00C04F79EFBC}") = "PortfolioWebsite.Web", "PortfolioWebsite.Web\PortfolioWebsite.Web.csproj", "{CC7BEC9B-DC27-4AA1-82CF-73D244C44826}"
EndProject
Global
	GlobalSection(SolutionConfigurationPlatforms) = preSolution
		Debug|Any CPU = Debug|Any CPU
		Release|Any CPU = Release|Any CPU
	EndGlobalSection
	GlobalSection(ProjectConfigurationPlatforms) = postSolution
		{CC7BEC9B-DC27-4AA1-82CF-73D244C44826}.Debug|Any CPU.ActiveCfg = Debug|Any CPU
		{CC7BEC9B-DC27-4AA1-82CF-73D244C44826}.Debug|Any CPU.Build.0 = Debug|Any CPU
		{CC7BEC9B-DC27-4AA1-82CF-73D244C44826}.Release|Any CPU.ActiveCfg = Release|Any CPU
		{CC7BEC9B-DC27-4AA1-82CF-73D244C44826}.Release|Any CPU.Build.0 = Release|Any CPU
	EndGlobalSection
	GlobalSection(SolutionProperties) = preSolution
		HideSolutionNode = FALSE
	EndGlobalSection
	GlobalSection(ExtensibilityGlobals) = postSolution
		SolutionGuid = {82958CF8-7C43-4011-AA83-81424680DEBE}
	EndGlobalSection
EndGlobal
